// !$*UTF8*$!
{
	archiveVersion = 1;
	classes = {
	};
	objectVersion = 54;
	objects = {

/* Begin PBXBuildFile section */
		00E356F31AD99517003FC87E /* mobileTests.m in Sources */ = {isa = PBXBuildFile; fileRef = 00E356F21AD99517003FC87E /* mobileTests.m */; };
		13B07FBC1A68108700A75B9A /* AppDelegate.m in Sources */ = {isa = PBXBuildFile; fileRef = 13B07FB01A68108700A75B9A /* AppDelegate.m */; };
		13B07FBF1A68108700A75B9A /* Images.xcassets in Resources */ = {isa = PBXBuildFile; fileRef = 13B07FB51A68108700A75B9A /* Images.xcassets */; };
		13B07FC11A68108700A75B9A /* main.m in Sources */ = {isa = PBXBuildFile; fileRef = 13B07FB71A68108700A75B9A /* main.m */; };
		4410940692ED49DE0BBA82E5 /* libPods-mobile-mobileTests.a in Frameworks */ = {isa = PBXBuildFile; fileRef = C1C8BEF701932BBD4AE6A995 /* libPods-mobile-mobileTests.a */; };
		81AB9BB82411601600AC10FF /* LaunchScreen.storyboard in Resources */ = {isa = PBXBuildFile; fileRef = 81AB9BB72411601600AC10FF /* LaunchScreen.storyboard */; };
		861F523D04F3E3522A159F70 /* libPods-mobile.a in Frameworks */ = {isa = PBXBuildFile; fileRef = A6FACB552825A7B3AEA5B292 /* libPods-mobile.a */; };
		82978C5D71D44E3BBC388E25 /* AntDesign.ttf in Resources */ = {isa = PBXBuildFile; fileRef = AA8BBB62461D4F8D88DA2291 /* AntDesign.ttf */; };
		EE36151707A64931B117C5B3 /* Entypo.ttf in Resources */ = {isa = PBXBuildFile; fileRef = E72F7FD72B9D42E695D31D08 /* Entypo.ttf */; };
		2ABC798A035243EC9B32BE06 /* EvilIcons.ttf in Resources */ = {isa = PBXBuildFile; fileRef = A4F569670FD64AA18360D41E /* EvilIcons.ttf */; };
		AA6E1FD3836F46018B67F5F2 /* Feather.ttf in Resources */ = {isa = PBXBuildFile; fileRef = 6D3B0736BE594596A94B3456 /* Feather.ttf */; };
		4AA2964C4DCF41F08BF946E8 /* FontAwesome.ttf in Resources */ = {isa = PBXBuildFile; fileRef = A26A98B420B64FD49A657A5D /* FontAwesome.ttf */; };
		446424592D594B1696E08BEC /* FontAwesome5_Brands.ttf in Resources */ = {isa = PBXBuildFile; fileRef = 77B5AEE4D21D400A8EEF1125 /* FontAwesome5_Brands.ttf */; };
		74E2C11D7DAC4B75A396C26B /* FontAwesome5_Regular.ttf in Resources */ = {isa = PBXBuildFile; fileRef = 6F4099504B4F4FCEB659037C /* FontAwesome5_Regular.ttf */; };
		A00752FCFEAE444483CD96C2 /* FontAwesome5_Solid.ttf in Resources */ = {isa = PBXBuildFile; fileRef = 9C99220392834C7EA0E86B40 /* FontAwesome5_Solid.ttf */; };
		A3BCA35022504CF9BDA03BD2 /* Fontisto.ttf in Resources */ = {isa = PBXBuildFile; fileRef = A9751CA9CC7A48059C3F6F35 /* Fontisto.ttf */; };
		880CBCC661BB4B18A9C5A23B /* Foundation.ttf in Resources */ = {isa = PBXBuildFile; fileRef = 9EBBDB9B7D9048259D34192A /* Foundation.ttf */; };
		4A334001BD2649E9A722CD77 /* Ionicons.ttf in Resources */ = {isa = PBXBuildFile; fileRef = A3E533259B3348BFA30A6DB6 /* Ionicons.ttf */; };
		4E561F14EB544421A4404F10 /* MaterialCommunityIcons.ttf in Resources */ = {isa = PBXBuildFile; fileRef = 4A63F2539D0D4F9FBA700DB9 /* MaterialCommunityIcons.ttf */; };
		ADA1479B277C456B9687B249 /* MaterialIcons.ttf in Resources */ = {isa = PBXBuildFile; fileRef = DA6D9333EA8147C8886E62D0 /* MaterialIcons.ttf */; };
		9F6203DFB379407AB60EAA09 /* Octicons.ttf in Resources */ = {isa = PBXBuildFile; fileRef = 780EE6CDCAE84BA48650426D /* Octicons.ttf */; };
		27A651E394CC42A88C59FB0D /* SimpleLineIcons.ttf in Resources */ = {isa = PBXBuildFile; fileRef = 7BF01CDDD75A4B618C7BF123 /* SimpleLineIcons.ttf */; };
		722CC86490034000A2EA5D26 /* Zocial.ttf in Resources */ = {isa = PBXBuildFile; fileRef = 065F52DF5F9049658B5A7DCF /* Zocial.ttf */; };
		0C4D97FAEAE148E3B5D87F58 /* Montserrat-Black.ttf in Resources */ = {isa = PBXBuildFile; fileRef = 9BEABC328B21472C9A30C888 /* Montserrat-Black.ttf */; };
		32A061BFD6B34715BB29D6B3 /* Montserrat-BlackItalic.ttf in Resources */ = {isa = PBXBuildFile; fileRef = 693D852B16A740B4B81610E2 /* Montserrat-BlackItalic.ttf */; };
		4B51620D05B548A49E277038 /* Montserrat-Bold.ttf in Resources */ = {isa = PBXBuildFile; fileRef = 091BADC0DA9D452B98A04FBE /* Montserrat-Bold.ttf */; };
		358974EC6A344709A387CC3A /* Montserrat-BoldItalic.ttf in Resources */ = {isa = PBXBuildFile; fileRef = DC989C07FB18451DBD8AAFCC /* Montserrat-BoldItalic.ttf */; };
		0713DC88FC9B439CBD0DCB8E /* Montserrat-ExtraBold.ttf in Resources */ = {isa = PBXBuildFile; fileRef = 59ED7E2D919F41AEB9EA0119 /* Montserrat-ExtraBold.ttf */; };
		77F8DC3E4A1C45A4B6F077B7 /* Montserrat-ExtraBoldItalic.ttf in Resources */ = {isa = PBXBuildFile; fileRef = 40D0021643014A00A64826A5 /* Montserrat-ExtraBoldItalic.ttf */; };
		D7A9A0CAD867430CA4A7D002 /* Montserrat-ExtraLight.ttf in Resources */ = {isa = PBXBuildFile; fileRef = AC446478C4C645AD80BEE86F /* Montserrat-ExtraLight.ttf */; };
		5F8EFD313C7F4FB5BB925CFB /* Montserrat-ExtraLightItalic.ttf in Resources */ = {isa = PBXBuildFile; fileRef = 9CC1F8C812CD4F4DB55DB6C5 /* Montserrat-ExtraLightItalic.ttf */; };
		17C002CE635B4083AA794B9B /* Montserrat-Italic.ttf in Resources */ = {isa = PBXBuildFile; fileRef = 2EA5FD8AF58D4B828D59E294 /* Montserrat-Italic.ttf */; };
		6D5C7FC7C00F4C26AACC8BAE /* Montserrat-Light.ttf in Resources */ = {isa = PBXBuildFile; fileRef = E9053AA5D57448CA9D93380A /* Montserrat-Light.ttf */; };
		481A0971D5AA465CADEF867E /* Montserrat-LightItalic.ttf in Resources */ = {isa = PBXBuildFile; fileRef = B2716E96368C4962ACC643E7 /* Montserrat-LightItalic.ttf */; };
		3FCD49782A5E4DF4838803A0 /* Montserrat-Medium.ttf in Resources */ = {isa = PBXBuildFile; fileRef = 8F777A2A485B48C88EABB832 /* Montserrat-Medium.ttf */; };
		06F016743E7B4975AD04D133 /* Montserrat-MediumItalic.ttf in Resources */ = {isa = PBXBuildFile; fileRef = 1C9DB04F3A7B49CEA364276B /* Montserrat-MediumItalic.ttf */; };
		3F1D367F3F134D7592414EE4 /* Montserrat-Regular.ttf in Resources */ = {isa = PBXBuildFile; fileRef = 275832A7498B4F02B3A3204E /* Montserrat-Regular.ttf */; };
		8C31F16D6F534319AF0F4BB5 /* Montserrat-SemiBold.ttf in Resources */ = {isa = PBXBuildFile; fileRef = C5B4F9B8E142469396C9419A /* Montserrat-SemiBold.ttf */; };
		7779E35B95884F1490F45BB7 /* Montserrat-SemiBoldItalic.ttf in Resources */ = {isa = PBXBuildFile; fileRef = 723986CDE47644B293C50ADC /* Montserrat-SemiBoldItalic.ttf */; };
		09CFA205D51B491DA8A8B052 /* Montserrat-Thin.ttf in Resources */ = {isa = PBXBuildFile; fileRef = E2D3C21F91E94504B5810170 /* Montserrat-Thin.ttf */; };
		5D0FB851DAF443DBA3F6070B /* Montserrat-ThinItalic.ttf in Resources */ = {isa = PBXBuildFile; fileRef = D8E6B1E71E5449DF9014273D /* Montserrat-ThinItalic.ttf */; };
		EBED34F1FE41417DA450232B /* MontserratAlternates-Black.ttf in Resources */ = {isa = PBXBuildFile; fileRef = 7F54FF5F411A49F4A5630A89 /* MontserratAlternates-Black.ttf */; };
		11A1D41D84944BF0898E0CDB /* MontserratAlternates-BlackItalic.ttf in Resources */ = {isa = PBXBuildFile; fileRef = 4E7E5ACED0464EDFA2CF2884 /* MontserratAlternates-BlackItalic.ttf */; };
		DC270A0B1D6148DBAEAC1B78 /* MontserratAlternates-Bold.ttf in Resources */ = {isa = PBXBuildFile; fileRef = 302EE923A14F4A0F8CC128EE /* MontserratAlternates-Bold.ttf */; };
		B8FA79DB876344EABCF42B65 /* MontserratAlternates-BoldItalic.ttf in Resources */ = {isa = PBXBuildFile; fileRef = 6EB7555554854A3C9864A86B /* MontserratAlternates-BoldItalic.ttf */; };
		5707108F99734480B0DF53CB /* MontserratAlternates-ExtraBold.ttf in Resources */ = {isa = PBXBuildFile; fileRef = A02F51B399A94D24BA089C5C /* MontserratAlternates-ExtraBold.ttf */; };
		8FE84942E89C4B69A29B5113 /* MontserratAlternates-ExtraBoldItalic.ttf in Resources */ = {isa = PBXBuildFile; fileRef = 493C1C8EEF5842C1B3364316 /* MontserratAlternates-ExtraBoldItalic.ttf */; };
		E3E5FEB032EF413C871E474E /* MontserratAlternates-ExtraLight.ttf in Resources */ = {isa = PBXBuildFile; fileRef = 0091CBBD197B4F0BA6356323 /* MontserratAlternates-ExtraLight.ttf */; };
		DA748CB3B90745298787A1D8 /* MontserratAlternates-ExtraLightItalic.ttf in Resources */ = {isa = PBXBuildFile; fileRef = EE86F59A07E045FD817DD5CA /* MontserratAlternates-ExtraLightItalic.ttf */; };
		B7102374D0C44E58B7EB17DE /* MontserratAlternates-Italic.ttf in Resources */ = {isa = PBXBuildFile; fileRef = 2B1BD8F8499C45248462CDCE /* MontserratAlternates-Italic.ttf */; };
		1342EF3FB2C546FAA3E4B993 /* MontserratAlternates-Light.ttf in Resources */ = {isa = PBXBuildFile; fileRef = 103C9391D5564AF59A27A083 /* MontserratAlternates-Light.ttf */; };
		581899198AC045B0B1250834 /* MontserratAlternates-LightItalic.ttf in Resources */ = {isa = PBXBuildFile; fileRef = 7A98E6C3416E472D98FB3E08 /* MontserratAlternates-LightItalic.ttf */; };
		855A296B5140404C93322D88 /* MontserratAlternates-Medium.ttf in Resources */ = {isa = PBXBuildFile; fileRef = 370CFB98F846434DA5A49D29 /* MontserratAlternates-Medium.ttf */; };
		A60BA5BC772C4A669B8EA50A /* MontserratAlternates-MediumItalic.ttf in Resources */ = {isa = PBXBuildFile; fileRef = AAF4B4F9EA18428E9761664D /* MontserratAlternates-MediumItalic.ttf */; };
		92030D26C44F4843942076A2 /* MontserratAlternates-Regular.ttf in Resources */ = {isa = PBXBuildFile; fileRef = B1F6E646B5B6496296E5B21D /* MontserratAlternates-Regular.ttf */; };
		C0812B438D6741BD8AEDEC19 /* MontserratAlternates-SemiBold.ttf in Resources */ = {isa = PBXBuildFile; fileRef = 33F7047D7FD4420BBDE93211 /* MontserratAlternates-SemiBold.ttf */; };
		6B848FBDB4BD4C5AAF9B4500 /* MontserratAlternates-SemiBoldItalic.ttf in Resources */ = {isa = PBXBuildFile; fileRef = 7C237D08174049A6A3B052CD /* MontserratAlternates-SemiBoldItalic.ttf */; };
		8DCF4CDD4C614879BAE63645 /* MontserratAlternates-Thin.ttf in Resources */ = {isa = PBXBuildFile; fileRef = B139A281F00B468ABAF520D2 /* MontserratAlternates-Thin.ttf */; };
		CDCB75AAE0014DFA9E34B301 /* MontserratAlternates-ThinItalic.ttf in Resources */ = {isa = PBXBuildFile; fileRef = A5CDA8EF7C5B4DE7806E7D3E /* MontserratAlternates-ThinItalic.ttf */; };
/* End PBXBuildFile section */

/* Begin PBXContainerItemProxy section */
		00E356F41AD99517003FC87E /* PBXContainerItemProxy */ = {
			isa = PBXContainerItemProxy;
			containerPortal = 83CBB9F71A601CBA00E9B192 /* Project object */;
			proxyType = 1;
			remoteGlobalIDString = 13B07F861A680F5B00A75B9A;
			remoteInfo = mobile;
		};
/* End PBXContainerItemProxy section */

/* Begin PBXFileReference section */
		00E356EE1AD99517003FC87E /* mobileTests.xctest */ = {isa = PBXFileReference; explicitFileType = wrapper.cfbundle; includeInIndex = 0; path = mobileTests.xctest; sourceTree = BUILT_PRODUCTS_DIR; };
		00E356F11AD99517003FC87E /* Info.plist */ = {isa = PBXFileReference; lastKnownFileType = text.plist.xml; path = Info.plist; sourceTree = "<group>"; };
		00E356F21AD99517003FC87E /* mobileTests.m */ = {isa = PBXFileReference; lastKnownFileType = sourcecode.c.objc; path = mobileTests.m; sourceTree = "<group>"; };
		13B07F961A680F5B00A75B9A /* mobile.app */ = {isa = PBXFileReference; explicitFileType = wrapper.application; includeInIndex = 0; path = mobile.app; sourceTree = BUILT_PRODUCTS_DIR; };
		13B07FAF1A68108700A75B9A /* AppDelegate.h */ = {isa = PBXFileReference; fileEncoding = 4; lastKnownFileType = sourcecode.c.h; name = AppDelegate.h; path = mobile/AppDelegate.h; sourceTree = "<group>"; };
		13B07FB01A68108700A75B9A /* AppDelegate.m */ = {isa = PBXFileReference; fileEncoding = 4; lastKnownFileType = sourcecode.c.objc; name = AppDelegate.m; path = mobile/AppDelegate.m; sourceTree = "<group>"; };
		13B07FB51A68108700A75B9A /* Images.xcassets */ = {isa = PBXFileReference; lastKnownFileType = folder.assetcatalog; name = Images.xcassets; path = mobile/Images.xcassets; sourceTree = "<group>"; };
		13B07FB61A68108700A75B9A /* Info.plist */ = {isa = PBXFileReference; fileEncoding = 4; lastKnownFileType = text.plist.xml; name = Info.plist; path = mobile/Info.plist; sourceTree = "<group>"; };
		13B07FB71A68108700A75B9A /* main.m */ = {isa = PBXFileReference; fileEncoding = 4; lastKnownFileType = sourcecode.c.objc; name = main.m; path = mobile/main.m; sourceTree = "<group>"; };
		49D54391456EA270F55CA2CC /* Pods-mobile.debug.xcconfig */ = {isa = PBXFileReference; includeInIndex = 1; lastKnownFileType = text.xcconfig; name = "Pods-mobile.debug.xcconfig"; path = "Target Support Files/Pods-mobile/Pods-mobile.debug.xcconfig"; sourceTree = "<group>"; };
		7CEA369181A2F512916E4B22 /* Pods-mobile-mobileTests.release.xcconfig */ = {isa = PBXFileReference; includeInIndex = 1; lastKnownFileType = text.xcconfig; name = "Pods-mobile-mobileTests.release.xcconfig"; path = "Target Support Files/Pods-mobile-mobileTests/Pods-mobile-mobileTests.release.xcconfig"; sourceTree = "<group>"; };
		81AB9BB72411601600AC10FF /* LaunchScreen.storyboard */ = {isa = PBXFileReference; fileEncoding = 4; lastKnownFileType = file.storyboard; name = LaunchScreen.storyboard; path = mobile/LaunchScreen.storyboard; sourceTree = "<group>"; };
		8EF8354B1E45FBEDE29F00AA /* Pods-mobile-mobileTests.debug.xcconfig */ = {isa = PBXFileReference; includeInIndex = 1; lastKnownFileType = text.xcconfig; name = "Pods-mobile-mobileTests.debug.xcconfig"; path = "Target Support Files/Pods-mobile-mobileTests/Pods-mobile-mobileTests.debug.xcconfig"; sourceTree = "<group>"; };
		A6FACB552825A7B3AEA5B292 /* libPods-mobile.a */ = {isa = PBXFileReference; explicitFileType = archive.ar; includeInIndex = 0; path = "libPods-mobile.a"; sourceTree = BUILT_PRODUCTS_DIR; };
		C1C8BEF701932BBD4AE6A995 /* libPods-mobile-mobileTests.a */ = {isa = PBXFileReference; explicitFileType = archive.ar; includeInIndex = 0; path = "libPods-mobile-mobileTests.a"; sourceTree = BUILT_PRODUCTS_DIR; };
		E8DEBB43BD40BFD06EA75165 /* Pods-mobile.release.xcconfig */ = {isa = PBXFileReference; includeInIndex = 1; lastKnownFileType = text.xcconfig; name = "Pods-mobile.release.xcconfig"; path = "Target Support Files/Pods-mobile/Pods-mobile.release.xcconfig"; sourceTree = "<group>"; };
		ED297162215061F000B7C4FE /* JavaScriptCore.framework */ = {isa = PBXFileReference; lastKnownFileType = wrapper.framework; name = JavaScriptCore.framework; path = System/Library/Frameworks/JavaScriptCore.framework; sourceTree = SDKROOT; };
		AA8BBB62461D4F8D88DA2291 /* AntDesign.ttf */ = {isa = PBXFileReference; name = "AntDesign.ttf"; path = "../node_modules/react-native-vector-icons/Fonts/AntDesign.ttf"; sourceTree = "<group>"; fileEncoding = undefined; lastKnownFileType = unknown; explicitFileType = undefined; includeInIndex = 0; };
		E72F7FD72B9D42E695D31D08 /* Entypo.ttf */ = {isa = PBXFileReference; name = "Entypo.ttf"; path = "../node_modules/react-native-vector-icons/Fonts/Entypo.ttf"; sourceTree = "<group>"; fileEncoding = undefined; lastKnownFileType = unknown; explicitFileType = undefined; includeInIndex = 0; };
		A4F569670FD64AA18360D41E /* EvilIcons.ttf */ = {isa = PBXFileReference; name = "EvilIcons.ttf"; path = "../node_modules/react-native-vector-icons/Fonts/EvilIcons.ttf"; sourceTree = "<group>"; fileEncoding = undefined; lastKnownFileType = unknown; explicitFileType = undefined; includeInIndex = 0; };
		6D3B0736BE594596A94B3456 /* Feather.ttf */ = {isa = PBXFileReference; name = "Feather.ttf"; path = "../node_modules/react-native-vector-icons/Fonts/Feather.ttf"; sourceTree = "<group>"; fileEncoding = undefined; lastKnownFileType = unknown; explicitFileType = undefined; includeInIndex = 0; };
		A26A98B420B64FD49A657A5D /* FontAwesome.ttf */ = {isa = PBXFileReference; name = "FontAwesome.ttf"; path = "../node_modules/react-native-vector-icons/Fonts/FontAwesome.ttf"; sourceTree = "<group>"; fileEncoding = undefined; lastKnownFileType = unknown; explicitFileType = undefined; includeInIndex = 0; };
		77B5AEE4D21D400A8EEF1125 /* FontAwesome5_Brands.ttf */ = {isa = PBXFileReference; name = "FontAwesome5_Brands.ttf"; path = "../node_modules/react-native-vector-icons/Fonts/FontAwesome5_Brands.ttf"; sourceTree = "<group>"; fileEncoding = undefined; lastKnownFileType = unknown; explicitFileType = undefined; includeInIndex = 0; };
		6F4099504B4F4FCEB659037C /* FontAwesome5_Regular.ttf */ = {isa = PBXFileReference; name = "FontAwesome5_Regular.ttf"; path = "../node_modules/react-native-vector-icons/Fonts/FontAwesome5_Regular.ttf"; sourceTree = "<group>"; fileEncoding = undefined; lastKnownFileType = unknown; explicitFileType = undefined; includeInIndex = 0; };
		9C99220392834C7EA0E86B40 /* FontAwesome5_Solid.ttf */ = {isa = PBXFileReference; name = "FontAwesome5_Solid.ttf"; path = "../node_modules/react-native-vector-icons/Fonts/FontAwesome5_Solid.ttf"; sourceTree = "<group>"; fileEncoding = undefined; lastKnownFileType = unknown; explicitFileType = undefined; includeInIndex = 0; };
		A9751CA9CC7A48059C3F6F35 /* Fontisto.ttf */ = {isa = PBXFileReference; name = "Fontisto.ttf"; path = "../node_modules/react-native-vector-icons/Fonts/Fontisto.ttf"; sourceTree = "<group>"; fileEncoding = undefined; lastKnownFileType = unknown; explicitFileType = undefined; includeInIndex = 0; };
		9EBBDB9B7D9048259D34192A /* Foundation.ttf */ = {isa = PBXFileReference; name = "Foundation.ttf"; path = "../node_modules/react-native-vector-icons/Fonts/Foundation.ttf"; sourceTree = "<group>"; fileEncoding = undefined; lastKnownFileType = unknown; explicitFileType = undefined; includeInIndex = 0; };
		A3E533259B3348BFA30A6DB6 /* Ionicons.ttf */ = {isa = PBXFileReference; name = "Ionicons.ttf"; path = "../node_modules/react-native-vector-icons/Fonts/Ionicons.ttf"; sourceTree = "<group>"; fileEncoding = undefined; lastKnownFileType = unknown; explicitFileType = undefined; includeInIndex = 0; };
		4A63F2539D0D4F9FBA700DB9 /* MaterialCommunityIcons.ttf */ = {isa = PBXFileReference; name = "MaterialCommunityIcons.ttf"; path = "../node_modules/react-native-vector-icons/Fonts/MaterialCommunityIcons.ttf"; sourceTree = "<group>"; fileEncoding = undefined; lastKnownFileType = unknown; explicitFileType = undefined; includeInIndex = 0; };
		DA6D9333EA8147C8886E62D0 /* MaterialIcons.ttf */ = {isa = PBXFileReference; name = "MaterialIcons.ttf"; path = "../node_modules/react-native-vector-icons/Fonts/MaterialIcons.ttf"; sourceTree = "<group>"; fileEncoding = undefined; lastKnownFileType = unknown; explicitFileType = undefined; includeInIndex = 0; };
		780EE6CDCAE84BA48650426D /* Octicons.ttf */ = {isa = PBXFileReference; name = "Octicons.ttf"; path = "../node_modules/react-native-vector-icons/Fonts/Octicons.ttf"; sourceTree = "<group>"; fileEncoding = undefined; lastKnownFileType = unknown; explicitFileType = undefined; includeInIndex = 0; };
		7BF01CDDD75A4B618C7BF123 /* SimpleLineIcons.ttf */ = {isa = PBXFileReference; name = "SimpleLineIcons.ttf"; path = "../node_modules/react-native-vector-icons/Fonts/SimpleLineIcons.ttf"; sourceTree = "<group>"; fileEncoding = undefined; lastKnownFileType = unknown; explicitFileType = undefined; includeInIndex = 0; };
		065F52DF5F9049658B5A7DCF /* Zocial.ttf */ = {isa = PBXFileReference; name = "Zocial.ttf"; path = "../node_modules/react-native-vector-icons/Fonts/Zocial.ttf"; sourceTree = "<group>"; fileEncoding = undefined; lastKnownFileType = unknown; explicitFileType = undefined; includeInIndex = 0; };
		9BEABC328B21472C9A30C888 /* Montserrat-Black.ttf */ = {isa = PBXFileReference; name = "Montserrat-Black.ttf"; path = "../assets/fonts/Montserrat-Black.ttf"; sourceTree = "<group>"; fileEncoding = undefined; lastKnownFileType = unknown; explicitFileType = undefined; includeInIndex = 0; };
		693D852B16A740B4B81610E2 /* Montserrat-BlackItalic.ttf */ = {isa = PBXFileReference; name = "Montserrat-BlackItalic.ttf"; path = "../assets/fonts/Montserrat-BlackItalic.ttf"; sourceTree = "<group>"; fileEncoding = undefined; lastKnownFileType = unknown; explicitFileType = undefined; includeInIndex = 0; };
		091BADC0DA9D452B98A04FBE /* Montserrat-Bold.ttf */ = {isa = PBXFileReference; name = "Montserrat-Bold.ttf"; path = "../assets/fonts/Montserrat-Bold.ttf"; sourceTree = "<group>"; fileEncoding = undefined; lastKnownFileType = unknown; explicitFileType = undefined; includeInIndex = 0; };
		DC989C07FB18451DBD8AAFCC /* Montserrat-BoldItalic.ttf */ = {isa = PBXFileReference; name = "Montserrat-BoldItalic.ttf"; path = "../assets/fonts/Montserrat-BoldItalic.ttf"; sourceTree = "<group>"; fileEncoding = undefined; lastKnownFileType = unknown; explicitFileType = undefined; includeInIndex = 0; };
		59ED7E2D919F41AEB9EA0119 /* Montserrat-ExtraBold.ttf */ = {isa = PBXFileReference; name = "Montserrat-ExtraBold.ttf"; path = "../assets/fonts/Montserrat-ExtraBold.ttf"; sourceTree = "<group>"; fileEncoding = undefined; lastKnownFileType = unknown; explicitFileType = undefined; includeInIndex = 0; };
		40D0021643014A00A64826A5 /* Montserrat-ExtraBoldItalic.ttf */ = {isa = PBXFileReference; name = "Montserrat-ExtraBoldItalic.ttf"; path = "../assets/fonts/Montserrat-ExtraBoldItalic.ttf"; sourceTree = "<group>"; fileEncoding = undefined; lastKnownFileType = unknown; explicitFileType = undefined; includeInIndex = 0; };
		AC446478C4C645AD80BEE86F /* Montserrat-ExtraLight.ttf */ = {isa = PBXFileReference; name = "Montserrat-ExtraLight.ttf"; path = "../assets/fonts/Montserrat-ExtraLight.ttf"; sourceTree = "<group>"; fileEncoding = undefined; lastKnownFileType = unknown; explicitFileType = undefined; includeInIndex = 0; };
		9CC1F8C812CD4F4DB55DB6C5 /* Montserrat-ExtraLightItalic.ttf */ = {isa = PBXFileReference; name = "Montserrat-ExtraLightItalic.ttf"; path = "../assets/fonts/Montserrat-ExtraLightItalic.ttf"; sourceTree = "<group>"; fileEncoding = undefined; lastKnownFileType = unknown; explicitFileType = undefined; includeInIndex = 0; };
		2EA5FD8AF58D4B828D59E294 /* Montserrat-Italic.ttf */ = {isa = PBXFileReference; name = "Montserrat-Italic.ttf"; path = "../assets/fonts/Montserrat-Italic.ttf"; sourceTree = "<group>"; fileEncoding = undefined; lastKnownFileType = unknown; explicitFileType = undefined; includeInIndex = 0; };
		E9053AA5D57448CA9D93380A /* Montserrat-Light.ttf */ = {isa = PBXFileReference; name = "Montserrat-Light.ttf"; path = "../assets/fonts/Montserrat-Light.ttf"; sourceTree = "<group>"; fileEncoding = undefined; lastKnownFileType = unknown; explicitFileType = undefined; includeInIndex = 0; };
		B2716E96368C4962ACC643E7 /* Montserrat-LightItalic.ttf */ = {isa = PBXFileReference; name = "Montserrat-LightItalic.ttf"; path = "../assets/fonts/Montserrat-LightItalic.ttf"; sourceTree = "<group>"; fileEncoding = undefined; lastKnownFileType = unknown; explicitFileType = undefined; includeInIndex = 0; };
		8F777A2A485B48C88EABB832 /* Montserrat-Medium.ttf */ = {isa = PBXFileReference; name = "Montserrat-Medium.ttf"; path = "../assets/fonts/Montserrat-Medium.ttf"; sourceTree = "<group>"; fileEncoding = undefined; lastKnownFileType = unknown; explicitFileType = undefined; includeInIndex = 0; };
		1C9DB04F3A7B49CEA364276B /* Montserrat-MediumItalic.ttf */ = {isa = PBXFileReference; name = "Montserrat-MediumItalic.ttf"; path = "../assets/fonts/Montserrat-MediumItalic.ttf"; sourceTree = "<group>"; fileEncoding = undefined; lastKnownFileType = unknown; explicitFileType = undefined; includeInIndex = 0; };
		275832A7498B4F02B3A3204E /* Montserrat-Regular.ttf */ = {isa = PBXFileReference; name = "Montserrat-Regular.ttf"; path = "../assets/fonts/Montserrat-Regular.ttf"; sourceTree = "<group>"; fileEncoding = undefined; lastKnownFileType = unknown; explicitFileType = undefined; includeInIndex = 0; };
		C5B4F9B8E142469396C9419A /* Montserrat-SemiBold.ttf */ = {isa = PBXFileReference; name = "Montserrat-SemiBold.ttf"; path = "../assets/fonts/Montserrat-SemiBold.ttf"; sourceTree = "<group>"; fileEncoding = undefined; lastKnownFileType = unknown; explicitFileType = undefined; includeInIndex = 0; };
		723986CDE47644B293C50ADC /* Montserrat-SemiBoldItalic.ttf */ = {isa = PBXFileReference; name = "Montserrat-SemiBoldItalic.ttf"; path = "../assets/fonts/Montserrat-SemiBoldItalic.ttf"; sourceTree = "<group>"; fileEncoding = undefined; lastKnownFileType = unknown; explicitFileType = undefined; includeInIndex = 0; };
		E2D3C21F91E94504B5810170 /* Montserrat-Thin.ttf */ = {isa = PBXFileReference; name = "Montserrat-Thin.ttf"; path = "../assets/fonts/Montserrat-Thin.ttf"; sourceTree = "<group>"; fileEncoding = undefined; lastKnownFileType = unknown; explicitFileType = undefined; includeInIndex = 0; };
		D8E6B1E71E5449DF9014273D /* Montserrat-ThinItalic.ttf */ = {isa = PBXFileReference; name = "Montserrat-ThinItalic.ttf"; path = "../assets/fonts/Montserrat-ThinItalic.ttf"; sourceTree = "<group>"; fileEncoding = undefined; lastKnownFileType = unknown; explicitFileType = undefined; includeInIndex = 0; };
		7F54FF5F411A49F4A5630A89 /* MontserratAlternates-Black.ttf */ = {isa = PBXFileReference; name = "MontserratAlternates-Black.ttf"; path = "../assets/fonts/MontserratAlternates-Black.ttf"; sourceTree = "<group>"; fileEncoding = undefined; lastKnownFileType = unknown; explicitFileType = undefined; includeInIndex = 0; };
		4E7E5ACED0464EDFA2CF2884 /* MontserratAlternates-BlackItalic.ttf */ = {isa = PBXFileReference; name = "MontserratAlternates-BlackItalic.ttf"; path = "../assets/fonts/MontserratAlternates-BlackItalic.ttf"; sourceTree = "<group>"; fileEncoding = undefined; lastKnownFileType = unknown; explicitFileType = undefined; includeInIndex = 0; };
		302EE923A14F4A0F8CC128EE /* MontserratAlternates-Bold.ttf */ = {isa = PBXFileReference; name = "MontserratAlternates-Bold.ttf"; path = "../assets/fonts/MontserratAlternates-Bold.ttf"; sourceTree = "<group>"; fileEncoding = undefined; lastKnownFileType = unknown; explicitFileType = undefined; includeInIndex = 0; };
		6EB7555554854A3C9864A86B /* MontserratAlternates-BoldItalic.ttf */ = {isa = PBXFileReference; name = "MontserratAlternates-BoldItalic.ttf"; path = "../assets/fonts/MontserratAlternates-BoldItalic.ttf"; sourceTree = "<group>"; fileEncoding = undefined; lastKnownFileType = unknown; explicitFileType = undefined; includeInIndex = 0; };
		A02F51B399A94D24BA089C5C /* MontserratAlternates-ExtraBold.ttf */ = {isa = PBXFileReference; name = "MontserratAlternates-ExtraBold.ttf"; path = "../assets/fonts/MontserratAlternates-ExtraBold.ttf"; sourceTree = "<group>"; fileEncoding = undefined; lastKnownFileType = unknown; explicitFileType = undefined; includeInIndex = 0; };
		493C1C8EEF5842C1B3364316 /* MontserratAlternates-ExtraBoldItalic.ttf */ = {isa = PBXFileReference; name = "MontserratAlternates-ExtraBoldItalic.ttf"; path = "../assets/fonts/MontserratAlternates-ExtraBoldItalic.ttf"; sourceTree = "<group>"; fileEncoding = undefined; lastKnownFileType = unknown; explicitFileType = undefined; includeInIndex = 0; };
		0091CBBD197B4F0BA6356323 /* MontserratAlternates-ExtraLight.ttf */ = {isa = PBXFileReference; name = "MontserratAlternates-ExtraLight.ttf"; path = "../assets/fonts/MontserratAlternates-ExtraLight.ttf"; sourceTree = "<group>"; fileEncoding = undefined; lastKnownFileType = unknown; explicitFileType = undefined; includeInIndex = 0; };
		EE86F59A07E045FD817DD5CA /* MontserratAlternates-ExtraLightItalic.ttf */ = {isa = PBXFileReference; name = "MontserratAlternates-ExtraLightItalic.ttf"; path = "../assets/fonts/MontserratAlternates-ExtraLightItalic.ttf"; sourceTree = "<group>"; fileEncoding = undefined; lastKnownFileType = unknown; explicitFileType = undefined; includeInIndex = 0; };
		2B1BD8F8499C45248462CDCE /* MontserratAlternates-Italic.ttf */ = {isa = PBXFileReference; name = "MontserratAlternates-Italic.ttf"; path = "../assets/fonts/MontserratAlternates-Italic.ttf"; sourceTree = "<group>"; fileEncoding = undefined; lastKnownFileType = unknown; explicitFileType = undefined; includeInIndex = 0; };
		103C9391D5564AF59A27A083 /* MontserratAlternates-Light.ttf */ = {isa = PBXFileReference; name = "MontserratAlternates-Light.ttf"; path = "../assets/fonts/MontserratAlternates-Light.ttf"; sourceTree = "<group>"; fileEncoding = undefined; lastKnownFileType = unknown; explicitFileType = undefined; includeInIndex = 0; };
		7A98E6C3416E472D98FB3E08 /* MontserratAlternates-LightItalic.ttf */ = {isa = PBXFileReference; name = "MontserratAlternates-LightItalic.ttf"; path = "../assets/fonts/MontserratAlternates-LightItalic.ttf"; sourceTree = "<group>"; fileEncoding = undefined; lastKnownFileType = unknown; explicitFileType = undefined; includeInIndex = 0; };
		370CFB98F846434DA5A49D29 /* MontserratAlternates-Medium.ttf */ = {isa = PBXFileReference; name = "MontserratAlternates-Medium.ttf"; path = "../assets/fonts/MontserratAlternates-Medium.ttf"; sourceTree = "<group>"; fileEncoding = undefined; lastKnownFileType = unknown; explicitFileType = undefined; includeInIndex = 0; };
		AAF4B4F9EA18428E9761664D /* MontserratAlternates-MediumItalic.ttf */ = {isa = PBXFileReference; name = "MontserratAlternates-MediumItalic.ttf"; path = "../assets/fonts/MontserratAlternates-MediumItalic.ttf"; sourceTree = "<group>"; fileEncoding = undefined; lastKnownFileType = unknown; explicitFileType = undefined; includeInIndex = 0; };
		B1F6E646B5B6496296E5B21D /* MontserratAlternates-Regular.ttf */ = {isa = PBXFileReference; name = "MontserratAlternates-Regular.ttf"; path = "../assets/fonts/MontserratAlternates-Regular.ttf"; sourceTree = "<group>"; fileEncoding = undefined; lastKnownFileType = unknown; explicitFileType = undefined; includeInIndex = 0; };
		33F7047D7FD4420BBDE93211 /* MontserratAlternates-SemiBold.ttf */ = {isa = PBXFileReference; name = "MontserratAlternates-SemiBold.ttf"; path = "../assets/fonts/MontserratAlternates-SemiBold.ttf"; sourceTree = "<group>"; fileEncoding = undefined; lastKnownFileType = unknown; explicitFileType = undefined; includeInIndex = 0; };
		7C237D08174049A6A3B052CD /* MontserratAlternates-SemiBoldItalic.ttf */ = {isa = PBXFileReference; name = "MontserratAlternates-SemiBoldItalic.ttf"; path = "../assets/fonts/MontserratAlternates-SemiBoldItalic.ttf"; sourceTree = "<group>"; fileEncoding = undefined; lastKnownFileType = unknown; explicitFileType = undefined; includeInIndex = 0; };
		B139A281F00B468ABAF520D2 /* MontserratAlternates-Thin.ttf */ = {isa = PBXFileReference; name = "MontserratAlternates-Thin.ttf"; path = "../assets/fonts/MontserratAlternates-Thin.ttf"; sourceTree = "<group>"; fileEncoding = undefined; lastKnownFileType = unknown; explicitFileType = undefined; includeInIndex = 0; };
		A5CDA8EF7C5B4DE7806E7D3E /* MontserratAlternates-ThinItalic.ttf */ = {isa = PBXFileReference; name = "MontserratAlternates-ThinItalic.ttf"; path = "../assets/fonts/MontserratAlternates-ThinItalic.ttf"; sourceTree = "<group>"; fileEncoding = undefined; lastKnownFileType = unknown; explicitFileType = undefined; includeInIndex = 0; };
/* End PBXFileReference section */

/* Begin PBXFrameworksBuildPhase section */
		00E356EB1AD99517003FC87E /* Frameworks */ = {
			isa = PBXFrameworksBuildPhase;
			buildActionMask = 2147483647;
			files = (
				4410940692ED49DE0BBA82E5 /* libPods-mobile-mobileTests.a in Frameworks */,
			);
			runOnlyForDeploymentPostprocessing = 0;
		};
		13B07F8C1A680F5B00A75B9A /* Frameworks */ = {
			isa = PBXFrameworksBuildPhase;
			buildActionMask = 2147483647;
			files = (
				861F523D04F3E3522A159F70 /* libPods-mobile.a in Frameworks */,
			);
			runOnlyForDeploymentPostprocessing = 0;
		};
/* End PBXFrameworksBuildPhase section */

/* Begin PBXGroup section */
		00E356EF1AD99517003FC87E /* mobileTests */ = {
			isa = PBXGroup;
			children = (
				00E356F21AD99517003FC87E /* mobileTests.m */,
				00E356F01AD99517003FC87E /* Supporting Files */,
			);
			path = mobileTests;
			sourceTree = "<group>";
		};
		00E356F01AD99517003FC87E /* Supporting Files */ = {
			isa = PBXGroup;
			children = (
				00E356F11AD99517003FC87E /* Info.plist */,
			);
			name = "Supporting Files";
			sourceTree = "<group>";
		};
		13B07FAE1A68108700A75B9A /* mobile */ = {
			isa = PBXGroup;
			children = (
				13B07FAF1A68108700A75B9A /* AppDelegate.h */,
				13B07FB01A68108700A75B9A /* AppDelegate.m */,
				13B07FB51A68108700A75B9A /* Images.xcassets */,
				13B07FB61A68108700A75B9A /* Info.plist */,
				81AB9BB72411601600AC10FF /* LaunchScreen.storyboard */,
				13B07FB71A68108700A75B9A /* main.m */,
			);
			name = mobile;
			sourceTree = "<group>";
		};
		2D16E6871FA4F8E400B85C8A /* Frameworks */ = {
			isa = PBXGroup;
			children = (
				ED297162215061F000B7C4FE /* JavaScriptCore.framework */,
				A6FACB552825A7B3AEA5B292 /* libPods-mobile.a */,
				C1C8BEF701932BBD4AE6A995 /* libPods-mobile-mobileTests.a */,
			);
			name = Frameworks;
			sourceTree = "<group>";
		};
		832341AE1AAA6A7D00B99B32 /* Libraries */ = {
			isa = PBXGroup;
			children = (
			);
			name = Libraries;
			sourceTree = "<group>";
		};
		83CBB9F61A601CBA00E9B192 = {
			isa = PBXGroup;
			children = (
				13B07FAE1A68108700A75B9A /* mobile */,
				832341AE1AAA6A7D00B99B32 /* Libraries */,
				00E356EF1AD99517003FC87E /* mobileTests */,
				83CBBA001A601CBA00E9B192 /* Products */,
				2D16E6871FA4F8E400B85C8A /* Frameworks */,
				D2A034736A90BE556ECB13EC /* Pods */,
				AF61B00931A84BF5A46D3315 /* Resources */,
			);
			indentWidth = 2;
			sourceTree = "<group>";
			tabWidth = 2;
			usesTabs = 0;
		};
		83CBBA001A601CBA00E9B192 /* Products */ = {
			isa = PBXGroup;
			children = (
				13B07F961A680F5B00A75B9A /* mobile.app */,
				00E356EE1AD99517003FC87E /* mobileTests.xctest */,
			);
			name = Products;
			sourceTree = "<group>";
		};
		D2A034736A90BE556ECB13EC /* Pods */ = {
			isa = PBXGroup;
			children = (
				49D54391456EA270F55CA2CC /* Pods-mobile.debug.xcconfig */,
				E8DEBB43BD40BFD06EA75165 /* Pods-mobile.release.xcconfig */,
				8EF8354B1E45FBEDE29F00AA /* Pods-mobile-mobileTests.debug.xcconfig */,
				7CEA369181A2F512916E4B22 /* Pods-mobile-mobileTests.release.xcconfig */,
			);
			name = Pods;
			path = Pods;
			sourceTree = "<group>";
		};
		AF61B00931A84BF5A46D3315 /* Resources */ = {
			isa = "PBXGroup";
			children = (
				AA8BBB62461D4F8D88DA2291 /* AntDesign.ttf */,
				E72F7FD72B9D42E695D31D08 /* Entypo.ttf */,
				A4F569670FD64AA18360D41E /* EvilIcons.ttf */,
				6D3B0736BE594596A94B3456 /* Feather.ttf */,
				A26A98B420B64FD49A657A5D /* FontAwesome.ttf */,
				77B5AEE4D21D400A8EEF1125 /* FontAwesome5_Brands.ttf */,
				6F4099504B4F4FCEB659037C /* FontAwesome5_Regular.ttf */,
				9C99220392834C7EA0E86B40 /* FontAwesome5_Solid.ttf */,
				A9751CA9CC7A48059C3F6F35 /* Fontisto.ttf */,
				9EBBDB9B7D9048259D34192A /* Foundation.ttf */,
				A3E533259B3348BFA30A6DB6 /* Ionicons.ttf */,
				4A63F2539D0D4F9FBA700DB9 /* MaterialCommunityIcons.ttf */,
				DA6D9333EA8147C8886E62D0 /* MaterialIcons.ttf */,
				780EE6CDCAE84BA48650426D /* Octicons.ttf */,
				7BF01CDDD75A4B618C7BF123 /* SimpleLineIcons.ttf */,
				065F52DF5F9049658B5A7DCF /* Zocial.ttf */,
				9BEABC328B21472C9A30C888 /* Montserrat-Black.ttf */,
				693D852B16A740B4B81610E2 /* Montserrat-BlackItalic.ttf */,
				091BADC0DA9D452B98A04FBE /* Montserrat-Bold.ttf */,
				DC989C07FB18451DBD8AAFCC /* Montserrat-BoldItalic.ttf */,
				59ED7E2D919F41AEB9EA0119 /* Montserrat-ExtraBold.ttf */,
				40D0021643014A00A64826A5 /* Montserrat-ExtraBoldItalic.ttf */,
				AC446478C4C645AD80BEE86F /* Montserrat-ExtraLight.ttf */,
				9CC1F8C812CD4F4DB55DB6C5 /* Montserrat-ExtraLightItalic.ttf */,
				2EA5FD8AF58D4B828D59E294 /* Montserrat-Italic.ttf */,
				E9053AA5D57448CA9D93380A /* Montserrat-Light.ttf */,
				B2716E96368C4962ACC643E7 /* Montserrat-LightItalic.ttf */,
				8F777A2A485B48C88EABB832 /* Montserrat-Medium.ttf */,
				1C9DB04F3A7B49CEA364276B /* Montserrat-MediumItalic.ttf */,
				275832A7498B4F02B3A3204E /* Montserrat-Regular.ttf */,
				C5B4F9B8E142469396C9419A /* Montserrat-SemiBold.ttf */,
				723986CDE47644B293C50ADC /* Montserrat-SemiBoldItalic.ttf */,
				E2D3C21F91E94504B5810170 /* Montserrat-Thin.ttf */,
				D8E6B1E71E5449DF9014273D /* Montserrat-ThinItalic.ttf */,
				7F54FF5F411A49F4A5630A89 /* MontserratAlternates-Black.ttf */,
				4E7E5ACED0464EDFA2CF2884 /* MontserratAlternates-BlackItalic.ttf */,
				302EE923A14F4A0F8CC128EE /* MontserratAlternates-Bold.ttf */,
				6EB7555554854A3C9864A86B /* MontserratAlternates-BoldItalic.ttf */,
				A02F51B399A94D24BA089C5C /* MontserratAlternates-ExtraBold.ttf */,
				493C1C8EEF5842C1B3364316 /* MontserratAlternates-ExtraBoldItalic.ttf */,
				0091CBBD197B4F0BA6356323 /* MontserratAlternates-ExtraLight.ttf */,
				EE86F59A07E045FD817DD5CA /* MontserratAlternates-ExtraLightItalic.ttf */,
				2B1BD8F8499C45248462CDCE /* MontserratAlternates-Italic.ttf */,
				103C9391D5564AF59A27A083 /* MontserratAlternates-Light.ttf */,
				7A98E6C3416E472D98FB3E08 /* MontserratAlternates-LightItalic.ttf */,
				370CFB98F846434DA5A49D29 /* MontserratAlternates-Medium.ttf */,
				AAF4B4F9EA18428E9761664D /* MontserratAlternates-MediumItalic.ttf */,
				B1F6E646B5B6496296E5B21D /* MontserratAlternates-Regular.ttf */,
				33F7047D7FD4420BBDE93211 /* MontserratAlternates-SemiBold.ttf */,
				7C237D08174049A6A3B052CD /* MontserratAlternates-SemiBoldItalic.ttf */,
				B139A281F00B468ABAF520D2 /* MontserratAlternates-Thin.ttf */,
				A5CDA8EF7C5B4DE7806E7D3E /* MontserratAlternates-ThinItalic.ttf */,
			);
			name = Resources;
			sourceTree = "<group>";
			path = "";
		};
/* End PBXGroup section */

/* Begin PBXNativeTarget section */
		00E356ED1AD99517003FC87E /* mobileTests */ = {
			isa = PBXNativeTarget;
			buildConfigurationList = 00E357021AD99517003FC87E /* Build configuration list for PBXNativeTarget "mobileTests" */;
			buildPhases = (
				559D2C0FD1FA449F17063067 /* [CP] Check Pods Manifest.lock */,
				00E356EA1AD99517003FC87E /* Sources */,
				00E356EB1AD99517003FC87E /* Frameworks */,
				00E356EC1AD99517003FC87E /* Resources */,
				1DB07B0418FB45D85ACFC769 /* [CP] Embed Pods Frameworks */,
				F9A5E0265D4298FA97024B4E /* [CP] Copy Pods Resources */,
			);
			buildRules = (
			);
			dependencies = (
				00E356F51AD99517003FC87E /* PBXTargetDependency */,
			);
			name = mobileTests;
			productName = mobileTests;
			productReference = 00E356EE1AD99517003FC87E /* mobileTests.xctest */;
			productType = "com.apple.product-type.bundle.unit-test";
		};
		13B07F861A680F5B00A75B9A /* mobile */ = {
			isa = PBXNativeTarget;
			buildConfigurationList = 13B07F931A680F5B00A75B9A /* Build configuration list for PBXNativeTarget "mobile" */;
			buildPhases = (
				52033468CD69429FFF531AA1 /* [CP] Check Pods Manifest.lock */,
				FD10A7F022414F080027D42C /* Start Packager */,
				13B07F871A680F5B00A75B9A /* Sources */,
				13B07F8C1A680F5B00A75B9A /* Frameworks */,
				13B07F8E1A680F5B00A75B9A /* Resources */,
				00DD1BFF1BD5951E006B06BC /* Bundle React Native code and images */,
				427970169FD178280D9F99EB /* [CP] Embed Pods Frameworks */,
				CF542BE7FB2EDB4F81E40483 /* [CP] Copy Pods Resources */,
			);
			buildRules = (
			);
			dependencies = (
			);
			name = mobile;
			productName = mobile;
			productReference = 13B07F961A680F5B00A75B9A /* mobile.app */;
			productType = "com.apple.product-type.application";
		};
/* End PBXNativeTarget section */

/* Begin PBXProject section */
		83CBB9F71A601CBA00E9B192 /* Project object */ = {
			isa = PBXProject;
			attributes = {
				LastUpgradeCheck = 1210;
				TargetAttributes = {
					00E356ED1AD99517003FC87E = {
						CreatedOnToolsVersion = 6.2;
						TestTargetID = 13B07F861A680F5B00A75B9A;
					};
					13B07F861A680F5B00A75B9A = {
						LastSwiftMigration = 1120;
					};
				};
			};
			buildConfigurationList = 83CBB9FA1A601CBA00E9B192 /* Build configuration list for PBXProject "mobile" */;
			compatibilityVersion = "Xcode 12.0";
			developmentRegion = en;
			hasScannedForEncodings = 0;
			knownRegions = (
				en,
				Base,
			);
			mainGroup = 83CBB9F61A601CBA00E9B192;
			productRefGroup = 83CBBA001A601CBA00E9B192 /* Products */;
			projectDirPath = "";
			projectRoot = "";
			targets = (
				13B07F861A680F5B00A75B9A /* mobile */,
				00E356ED1AD99517003FC87E /* mobileTests */,
			);
		};
/* End PBXProject section */

/* Begin PBXResourcesBuildPhase section */
		00E356EC1AD99517003FC87E /* Resources */ = {
			isa = PBXResourcesBuildPhase;
			buildActionMask = 2147483647;
			files = (
			);
			runOnlyForDeploymentPostprocessing = 0;
		};
		13B07F8E1A680F5B00A75B9A /* Resources */ = {
			isa = PBXResourcesBuildPhase;
			buildActionMask = 2147483647;
			files = (
				81AB9BB82411601600AC10FF /* LaunchScreen.storyboard in Resources */,
				13B07FBF1A68108700A75B9A /* Images.xcassets in Resources */,
				82978C5D71D44E3BBC388E25 /* AntDesign.ttf in Resources */,
				EE36151707A64931B117C5B3 /* Entypo.ttf in Resources */,
				2ABC798A035243EC9B32BE06 /* EvilIcons.ttf in Resources */,
				AA6E1FD3836F46018B67F5F2 /* Feather.ttf in Resources */,
				4AA2964C4DCF41F08BF946E8 /* FontAwesome.ttf in Resources */,
				446424592D594B1696E08BEC /* FontAwesome5_Brands.ttf in Resources */,
				74E2C11D7DAC4B75A396C26B /* FontAwesome5_Regular.ttf in Resources */,
				A00752FCFEAE444483CD96C2 /* FontAwesome5_Solid.ttf in Resources */,
				A3BCA35022504CF9BDA03BD2 /* Fontisto.ttf in Resources */,
				880CBCC661BB4B18A9C5A23B /* Foundation.ttf in Resources */,
				4A334001BD2649E9A722CD77 /* Ionicons.ttf in Resources */,
				4E561F14EB544421A4404F10 /* MaterialCommunityIcons.ttf in Resources */,
				ADA1479B277C456B9687B249 /* MaterialIcons.ttf in Resources */,
				9F6203DFB379407AB60EAA09 /* Octicons.ttf in Resources */,
				27A651E394CC42A88C59FB0D /* SimpleLineIcons.ttf in Resources */,
				722CC86490034000A2EA5D26 /* Zocial.ttf in Resources */,
				0C4D97FAEAE148E3B5D87F58 /* Montserrat-Black.ttf in Resources */,
				32A061BFD6B34715BB29D6B3 /* Montserrat-BlackItalic.ttf in Resources */,
				4B51620D05B548A49E277038 /* Montserrat-Bold.ttf in Resources */,
				358974EC6A344709A387CC3A /* Montserrat-BoldItalic.ttf in Resources */,
				0713DC88FC9B439CBD0DCB8E /* Montserrat-ExtraBold.ttf in Resources */,
				77F8DC3E4A1C45A4B6F077B7 /* Montserrat-ExtraBoldItalic.ttf in Resources */,
				D7A9A0CAD867430CA4A7D002 /* Montserrat-ExtraLight.ttf in Resources */,
				5F8EFD313C7F4FB5BB925CFB /* Montserrat-ExtraLightItalic.ttf in Resources */,
				17C002CE635B4083AA794B9B /* Montserrat-Italic.ttf in Resources */,
				6D5C7FC7C00F4C26AACC8BAE /* Montserrat-Light.ttf in Resources */,
				481A0971D5AA465CADEF867E /* Montserrat-LightItalic.ttf in Resources */,
				3FCD49782A5E4DF4838803A0 /* Montserrat-Medium.ttf in Resources */,
				06F016743E7B4975AD04D133 /* Montserrat-MediumItalic.ttf in Resources */,
				3F1D367F3F134D7592414EE4 /* Montserrat-Regular.ttf in Resources */,
				8C31F16D6F534319AF0F4BB5 /* Montserrat-SemiBold.ttf in Resources */,
				7779E35B95884F1490F45BB7 /* Montserrat-SemiBoldItalic.ttf in Resources */,
				09CFA205D51B491DA8A8B052 /* Montserrat-Thin.ttf in Resources */,
				5D0FB851DAF443DBA3F6070B /* Montserrat-ThinItalic.ttf in Resources */,
				EBED34F1FE41417DA450232B /* MontserratAlternates-Black.ttf in Resources */,
				11A1D41D84944BF0898E0CDB /* MontserratAlternates-BlackItalic.ttf in Resources */,
				DC270A0B1D6148DBAEAC1B78 /* MontserratAlternates-Bold.ttf in Resources */,
				B8FA79DB876344EABCF42B65 /* MontserratAlternates-BoldItalic.ttf in Resources */,
				5707108F99734480B0DF53CB /* MontserratAlternates-ExtraBold.ttf in Resources */,
				8FE84942E89C4B69A29B5113 /* MontserratAlternates-ExtraBoldItalic.ttf in Resources */,
				E3E5FEB032EF413C871E474E /* MontserratAlternates-ExtraLight.ttf in Resources */,
				DA748CB3B90745298787A1D8 /* MontserratAlternates-ExtraLightItalic.ttf in Resources */,
				B7102374D0C44E58B7EB17DE /* MontserratAlternates-Italic.ttf in Resources */,
				1342EF3FB2C546FAA3E4B993 /* MontserratAlternates-Light.ttf in Resources */,
				581899198AC045B0B1250834 /* MontserratAlternates-LightItalic.ttf in Resources */,
				855A296B5140404C93322D88 /* MontserratAlternates-Medium.ttf in Resources */,
				A60BA5BC772C4A669B8EA50A /* MontserratAlternates-MediumItalic.ttf in Resources */,
				92030D26C44F4843942076A2 /* MontserratAlternates-Regular.ttf in Resources */,
				C0812B438D6741BD8AEDEC19 /* MontserratAlternates-SemiBold.ttf in Resources */,
				6B848FBDB4BD4C5AAF9B4500 /* MontserratAlternates-SemiBoldItalic.ttf in Resources */,
				8DCF4CDD4C614879BAE63645 /* MontserratAlternates-Thin.ttf in Resources */,
				CDCB75AAE0014DFA9E34B301 /* MontserratAlternates-ThinItalic.ttf in Resources */,
			);
			runOnlyForDeploymentPostprocessing = 0;
		};
/* End PBXResourcesBuildPhase section */

/* Begin PBXShellScriptBuildPhase section */
		00DD1BFF1BD5951E006B06BC /* Bundle React Native code and images */ = {
			isa = PBXShellScriptBuildPhase;
			buildActionMask = 2147483647;
			files = (
			);
			inputPaths = (
			);
			name = "Bundle React Native code and images";
			outputPaths = (
			);
			runOnlyForDeploymentPostprocessing = 0;
			shellPath = /bin/sh;
			shellScript = "set -e\n\nexport NODE_BINARY=node\n../node_modules/react-native/scripts/react-native-xcode.sh\n";
		};
		1DB07B0418FB45D85ACFC769 /* [CP] Embed Pods Frameworks */ = {
			isa = PBXShellScriptBuildPhase;
			buildActionMask = 2147483647;
			files = (
			);
			inputFileListPaths = (
				"${PODS_ROOT}/Target Support Files/Pods-mobile-mobileTests/Pods-mobile-mobileTests-frameworks-${CONFIGURATION}-input-files.xcfilelist",
			);
			name = "[CP] Embed Pods Frameworks";
			outputFileListPaths = (
				"${PODS_ROOT}/Target Support Files/Pods-mobile-mobileTests/Pods-mobile-mobileTests-frameworks-${CONFIGURATION}-output-files.xcfilelist",
			);
			runOnlyForDeploymentPostprocessing = 0;
			shellPath = /bin/sh;
			shellScript = "\"${PODS_ROOT}/Target Support Files/Pods-mobile-mobileTests/Pods-mobile-mobileTests-frameworks.sh\"\n";
			showEnvVarsInLog = 0;
		};
		427970169FD178280D9F99EB /* [CP] Embed Pods Frameworks */ = {
			isa = PBXShellScriptBuildPhase;
			buildActionMask = 2147483647;
			files = (
			);
			inputFileListPaths = (
				"${PODS_ROOT}/Target Support Files/Pods-mobile/Pods-mobile-frameworks-${CONFIGURATION}-input-files.xcfilelist",
			);
			name = "[CP] Embed Pods Frameworks";
			outputFileListPaths = (
				"${PODS_ROOT}/Target Support Files/Pods-mobile/Pods-mobile-frameworks-${CONFIGURATION}-output-files.xcfilelist",
			);
			runOnlyForDeploymentPostprocessing = 0;
			shellPath = /bin/sh;
			shellScript = "\"${PODS_ROOT}/Target Support Files/Pods-mobile/Pods-mobile-frameworks.sh\"\n";
			showEnvVarsInLog = 0;
		};
		52033468CD69429FFF531AA1 /* [CP] Check Pods Manifest.lock */ = {
			isa = PBXShellScriptBuildPhase;
			buildActionMask = 2147483647;
			files = (
			);
			inputFileListPaths = (
			);
			inputPaths = (
				"${PODS_PODFILE_DIR_PATH}/Podfile.lock",
				"${PODS_ROOT}/Manifest.lock",
			);
			name = "[CP] Check Pods Manifest.lock";
			outputFileListPaths = (
			);
			outputPaths = (
				"$(DERIVED_FILE_DIR)/Pods-mobile-checkManifestLockResult.txt",
			);
			runOnlyForDeploymentPostprocessing = 0;
			shellPath = /bin/sh;
			shellScript = "diff \"${PODS_PODFILE_DIR_PATH}/Podfile.lock\" \"${PODS_ROOT}/Manifest.lock\" > /dev/null\nif [ $? != 0 ] ; then\n    # print error to STDERR\n    echo \"error: The sandbox is not in sync with the Podfile.lock. Run 'pod install' or update your CocoaPods installation.\" >&2\n    exit 1\nfi\n# This output is used by Xcode 'outputs' to avoid re-running this script phase.\necho \"SUCCESS\" > \"${SCRIPT_OUTPUT_FILE_0}\"\n";
			showEnvVarsInLog = 0;
		};
		559D2C0FD1FA449F17063067 /* [CP] Check Pods Manifest.lock */ = {
			isa = PBXShellScriptBuildPhase;
			buildActionMask = 2147483647;
			files = (
			);
			inputFileListPaths = (
			);
			inputPaths = (
				"${PODS_PODFILE_DIR_PATH}/Podfile.lock",
				"${PODS_ROOT}/Manifest.lock",
			);
			name = "[CP] Check Pods Manifest.lock";
			outputFileListPaths = (
			);
			outputPaths = (
				"$(DERIVED_FILE_DIR)/Pods-mobile-mobileTests-checkManifestLockResult.txt",
			);
			runOnlyForDeploymentPostprocessing = 0;
			shellPath = /bin/sh;
			shellScript = "diff \"${PODS_PODFILE_DIR_PATH}/Podfile.lock\" \"${PODS_ROOT}/Manifest.lock\" > /dev/null\nif [ $? != 0 ] ; then\n    # print error to STDERR\n    echo \"error: The sandbox is not in sync with the Podfile.lock. Run 'pod install' or update your CocoaPods installation.\" >&2\n    exit 1\nfi\n# This output is used by Xcode 'outputs' to avoid re-running this script phase.\necho \"SUCCESS\" > \"${SCRIPT_OUTPUT_FILE_0}\"\n";
			showEnvVarsInLog = 0;
		};
		CF542BE7FB2EDB4F81E40483 /* [CP] Copy Pods Resources */ = {
			isa = PBXShellScriptBuildPhase;
			buildActionMask = 2147483647;
			files = (
			);
			inputFileListPaths = (
				"${PODS_ROOT}/Target Support Files/Pods-mobile/Pods-mobile-resources-${CONFIGURATION}-input-files.xcfilelist",
			);
			name = "[CP] Copy Pods Resources";
			outputFileListPaths = (
				"${PODS_ROOT}/Target Support Files/Pods-mobile/Pods-mobile-resources-${CONFIGURATION}-output-files.xcfilelist",
			);
			runOnlyForDeploymentPostprocessing = 0;
			shellPath = /bin/sh;
			shellScript = "\"${PODS_ROOT}/Target Support Files/Pods-mobile/Pods-mobile-resources.sh\"\n";
			showEnvVarsInLog = 0;
		};
		F9A5E0265D4298FA97024B4E /* [CP] Copy Pods Resources */ = {
			isa = PBXShellScriptBuildPhase;
			buildActionMask = 2147483647;
			files = (
			);
			inputFileListPaths = (
				"${PODS_ROOT}/Target Support Files/Pods-mobile-mobileTests/Pods-mobile-mobileTests-resources-${CONFIGURATION}-input-files.xcfilelist",
			);
			name = "[CP] Copy Pods Resources";
			outputFileListPaths = (
				"${PODS_ROOT}/Target Support Files/Pods-mobile-mobileTests/Pods-mobile-mobileTests-resources-${CONFIGURATION}-output-files.xcfilelist",
			);
			runOnlyForDeploymentPostprocessing = 0;
			shellPath = /bin/sh;
			shellScript = "\"${PODS_ROOT}/Target Support Files/Pods-mobile-mobileTests/Pods-mobile-mobileTests-resources.sh\"\n";
			showEnvVarsInLog = 0;
		};
		FD10A7F022414F080027D42C /* Start Packager */ = {
			isa = PBXShellScriptBuildPhase;
			buildActionMask = 2147483647;
			files = (
			);
			inputFileListPaths = (
			);
			inputPaths = (
			);
			name = "Start Packager";
			outputFileListPaths = (
			);
			outputPaths = (
			);
			runOnlyForDeploymentPostprocessing = 0;
			shellPath = /bin/sh;
			shellScript = "export RCT_METRO_PORT=\"${RCT_METRO_PORT:=8081}\"\necho \"export RCT_METRO_PORT=${RCT_METRO_PORT}\" > \"${SRCROOT}/../node_modules/react-native/scripts/.packager.env\"\nif [ -z \"${RCT_NO_LAUNCH_PACKAGER+xxx}\" ] ; then\n  if nc -w 5 -z localhost ${RCT_METRO_PORT} ; then\n    if ! curl -s \"http://localhost:${RCT_METRO_PORT}/status\" | grep -q \"packager-status:running\" ; then\n      echo \"Port ${RCT_METRO_PORT} already in use, packager is either not running or not running correctly\"\n      exit 2\n    fi\n  else\n    open \"$SRCROOT/../node_modules/react-native/scripts/launchPackager.command\" || echo \"Can't start packager automatically\"\n  fi\nfi\n";
			showEnvVarsInLog = 0;
		};
/* End PBXShellScriptBuildPhase section */

/* Begin PBXSourcesBuildPhase section */
		00E356EA1AD99517003FC87E /* Sources */ = {
			isa = PBXSourcesBuildPhase;
			buildActionMask = 2147483647;
			files = (
				00E356F31AD99517003FC87E /* mobileTests.m in Sources */,
			);
			runOnlyForDeploymentPostprocessing = 0;
		};
		13B07F871A680F5B00A75B9A /* Sources */ = {
			isa = PBXSourcesBuildPhase;
			buildActionMask = 2147483647;
			files = (
				13B07FBC1A68108700A75B9A /* AppDelegate.m in Sources */,
				13B07FC11A68108700A75B9A /* main.m in Sources */,
			);
			runOnlyForDeploymentPostprocessing = 0;
		};
/* End PBXSourcesBuildPhase section */

/* Begin PBXTargetDependency section */
		00E356F51AD99517003FC87E /* PBXTargetDependency */ = {
			isa = PBXTargetDependency;
			target = 13B07F861A680F5B00A75B9A /* mobile */;
			targetProxy = 00E356F41AD99517003FC87E /* PBXContainerItemProxy */;
		};
/* End PBXTargetDependency section */

/* Begin XCBuildConfiguration section */
		00E356F61AD99517003FC87E /* Debug */ = {
			isa = XCBuildConfiguration;
			baseConfigurationReference = 8EF8354B1E45FBEDE29F00AA /* Pods-mobile-mobileTests.debug.xcconfig */;
			buildSettings = {
				BUNDLE_LOADER = "$(TEST_HOST)";
				GCC_PREPROCESSOR_DEFINITIONS = (
					"DEBUG=1",
					"$(inherited)",
				);
				INFOPLIST_FILE = mobileTests/Info.plist;
				IPHONEOS_DEPLOYMENT_TARGET = 10.0;
				LD_RUNPATH_SEARCH_PATHS = (
					"$(inherited)",
					"@executable_path/Frameworks",
					"@loader_path/Frameworks",
				);
				OTHER_LDFLAGS = (
					"-ObjC",
					"-lc++",
					"$(inherited)",
				);
				PRODUCT_BUNDLE_IDENTIFIER = "org.reactjs.native.example.$(PRODUCT_NAME:rfc1034identifier)";
				PRODUCT_NAME = "$(TARGET_NAME)";
				TEST_HOST = "$(BUILT_PRODUCTS_DIR)/mobile.app/mobile";
			};
			name = Debug;
		};
		00E356F71AD99517003FC87E /* Release */ = {
			isa = XCBuildConfiguration;
			baseConfigurationReference = 7CEA369181A2F512916E4B22 /* Pods-mobile-mobileTests.release.xcconfig */;
			buildSettings = {
				BUNDLE_LOADER = "$(TEST_HOST)";
				COPY_PHASE_STRIP = NO;
				INFOPLIST_FILE = mobileTests/Info.plist;
				IPHONEOS_DEPLOYMENT_TARGET = 10.0;
				LD_RUNPATH_SEARCH_PATHS = (
					"$(inherited)",
					"@executable_path/Frameworks",
					"@loader_path/Frameworks",
				);
				OTHER_LDFLAGS = (
					"-ObjC",
					"-lc++",
					"$(inherited)",
				);
				PRODUCT_BUNDLE_IDENTIFIER = "org.reactjs.native.example.$(PRODUCT_NAME:rfc1034identifier)";
				PRODUCT_NAME = "$(TARGET_NAME)";
				TEST_HOST = "$(BUILT_PRODUCTS_DIR)/mobile.app/mobile";
			};
			name = Release;
		};
		13B07F941A680F5B00A75B9A /* Debug */ = {
			isa = XCBuildConfiguration;
			baseConfigurationReference = 49D54391456EA270F55CA2CC /* Pods-mobile.debug.xcconfig */;
			buildSettings = {
				ASSETCATALOG_COMPILER_APPICON_NAME = AppIcon;
				CLANG_ENABLE_MODULES = YES;
				CURRENT_PROJECT_VERSION = 1;
				ENABLE_BITCODE = NO;
				INFOPLIST_FILE = mobile/Info.plist;
				LD_RUNPATH_SEARCH_PATHS = (
					"$(inherited)",
					"@executable_path/Frameworks",
				);
				OTHER_LDFLAGS = (
					"$(inherited)",
					"-ObjC",
					"-lc++",
				);
				PRODUCT_BUNDLE_IDENTIFIER = "org.reactjs.native.example.$(PRODUCT_NAME:rfc1034identifier)";
				PRODUCT_NAME = mobile;
				SWIFT_OPTIMIZATION_LEVEL = "-Onone";
				SWIFT_VERSION = 5.0;
				VERSIONING_SYSTEM = "apple-generic";
			};
			name = Debug;
		};
		13B07F951A680F5B00A75B9A /* Release */ = {
			isa = XCBuildConfiguration;
			baseConfigurationReference = E8DEBB43BD40BFD06EA75165 /* Pods-mobile.release.xcconfig */;
			buildSettings = {
				ASSETCATALOG_COMPILER_APPICON_NAME = AppIcon;
				CLANG_ENABLE_MODULES = YES;
				CURRENT_PROJECT_VERSION = 1;
				INFOPLIST_FILE = mobile/Info.plist;
				LD_RUNPATH_SEARCH_PATHS = (
					"$(inherited)",
					"@executable_path/Frameworks",
				);
				OTHER_LDFLAGS = (
					"$(inherited)",
					"-ObjC",
					"-lc++",
				);
				PRODUCT_BUNDLE_IDENTIFIER = "org.reactjs.native.example.$(PRODUCT_NAME:rfc1034identifier)";
				PRODUCT_NAME = mobile;
				SWIFT_VERSION = 5.0;
				VERSIONING_SYSTEM = "apple-generic";
			};
			name = Release;
		};
		83CBBA201A601CBA00E9B192 /* Debug */ = {
			isa = XCBuildConfiguration;
			buildSettings = {
				ALWAYS_SEARCH_USER_PATHS = NO;
				CLANG_ANALYZER_LOCALIZABILITY_NONLOCALIZED = YES;
				CLANG_CXX_LANGUAGE_STANDARD = "gnu++0x";
				CLANG_CXX_LIBRARY = "libc++";
				CLANG_ENABLE_MODULES = YES;
				CLANG_ENABLE_OBJC_ARC = YES;
				CLANG_WARN_BLOCK_CAPTURE_AUTORELEASING = YES;
				CLANG_WARN_BOOL_CONVERSION = YES;
				CLANG_WARN_COMMA = YES;
				CLANG_WARN_CONSTANT_CONVERSION = YES;
				CLANG_WARN_DEPRECATED_OBJC_IMPLEMENTATIONS = YES;
				CLANG_WARN_DIRECT_OBJC_ISA_USAGE = YES_ERROR;
				CLANG_WARN_EMPTY_BODY = YES;
				CLANG_WARN_ENUM_CONVERSION = YES;
				CLANG_WARN_INFINITE_RECURSION = YES;
				CLANG_WARN_INT_CONVERSION = YES;
				CLANG_WARN_NON_LITERAL_NULL_CONVERSION = YES;
				CLANG_WARN_OBJC_IMPLICIT_RETAIN_SELF = YES;
				CLANG_WARN_OBJC_LITERAL_CONVERSION = YES;
				CLANG_WARN_OBJC_ROOT_CLASS = YES_ERROR;
				CLANG_WARN_QUOTED_INCLUDE_IN_FRAMEWORK_HEADER = YES;
				CLANG_WARN_RANGE_LOOP_ANALYSIS = YES;
				CLANG_WARN_STRICT_PROTOTYPES = YES;
				CLANG_WARN_SUSPICIOUS_MOVE = YES;
				CLANG_WARN_UNREACHABLE_CODE = YES;
				CLANG_WARN__DUPLICATE_METHOD_MATCH = YES;
				"CODE_SIGN_IDENTITY[sdk=iphoneos*]" = "iPhone Developer";
				COPY_PHASE_STRIP = NO;
				ENABLE_STRICT_OBJC_MSGSEND = YES;
				ENABLE_TESTABILITY = YES;
				"EXCLUDED_ARCHS[sdk=iphonesimulator*]" = "arm64 ";
				GCC_C_LANGUAGE_STANDARD = gnu99;
				GCC_DYNAMIC_NO_PIC = NO;
				GCC_NO_COMMON_BLOCKS = YES;
				GCC_OPTIMIZATION_LEVEL = 0;
				GCC_PREPROCESSOR_DEFINITIONS = (
					"DEBUG=1",
					"$(inherited)",
				);
				GCC_SYMBOLS_PRIVATE_EXTERN = NO;
				GCC_WARN_64_TO_32_BIT_CONVERSION = YES;
				GCC_WARN_ABOUT_RETURN_TYPE = YES_ERROR;
				GCC_WARN_UNDECLARED_SELECTOR = YES;
				GCC_WARN_UNINITIALIZED_AUTOS = YES_AGGRESSIVE;
				GCC_WARN_UNUSED_FUNCTION = YES;
				GCC_WARN_UNUSED_VARIABLE = YES;
				IPHONEOS_DEPLOYMENT_TARGET = 10.0;
				LD_RUNPATH_SEARCH_PATHS = (
					/usr/lib/swift,
					"$(inherited)",
				);
				LIBRARY_SEARCH_PATHS = (
					"\"$(TOOLCHAIN_DIR)/usr/lib/swift/$(PLATFORM_NAME)\"",
					"\"$(TOOLCHAIN_DIR)/usr/lib/swift-5.0/$(PLATFORM_NAME)\"",
					"\"$(inherited)\"",
				);
				MTL_ENABLE_DEBUG_INFO = YES;
				ONLY_ACTIVE_ARCH = YES;
				SDKROOT = iphoneos;
			};
			name = Debug;
		};
		83CBBA211A601CBA00E9B192 /* Release */ = {
			isa = XCBuildConfiguration;
			buildSettings = {
				ALWAYS_SEARCH_USER_PATHS = NO;
				CLANG_ANALYZER_LOCALIZABILITY_NONLOCALIZED = YES;
				CLANG_CXX_LANGUAGE_STANDARD = "gnu++0x";
				CLANG_CXX_LIBRARY = "libc++";
				CLANG_ENABLE_MODULES = YES;
				CLANG_ENABLE_OBJC_ARC = YES;
				CLANG_WARN_BLOCK_CAPTURE_AUTORELEASING = YES;
				CLANG_WARN_BOOL_CONVERSION = YES;
				CLANG_WARN_COMMA = YES;
				CLANG_WARN_CONSTANT_CONVERSION = YES;
				CLANG_WARN_DEPRECATED_OBJC_IMPLEMENTATIONS = YES;
				CLANG_WARN_DIRECT_OBJC_ISA_USAGE = YES_ERROR;
				CLANG_WARN_EMPTY_BODY = YES;
				CLANG_WARN_ENUM_CONVERSION = YES;
				CLANG_WARN_INFINITE_RECURSION = YES;
				CLANG_WARN_INT_CONVERSION = YES;
				CLANG_WARN_NON_LITERAL_NULL_CONVERSION = YES;
				CLANG_WARN_OBJC_IMPLICIT_RETAIN_SELF = YES;
				CLANG_WARN_OBJC_LITERAL_CONVERSION = YES;
				CLANG_WARN_OBJC_ROOT_CLASS = YES_ERROR;
				CLANG_WARN_QUOTED_INCLUDE_IN_FRAMEWORK_HEADER = YES;
				CLANG_WARN_RANGE_LOOP_ANALYSIS = YES;
				CLANG_WARN_STRICT_PROTOTYPES = YES;
				CLANG_WARN_SUSPICIOUS_MOVE = YES;
				CLANG_WARN_UNREACHABLE_CODE = YES;
				CLANG_WARN__DUPLICATE_METHOD_MATCH = YES;
				"CODE_SIGN_IDENTITY[sdk=iphoneos*]" = "iPhone Developer";
				COPY_PHASE_STRIP = YES;
				ENABLE_NS_ASSERTIONS = NO;
				ENABLE_STRICT_OBJC_MSGSEND = YES;
				"EXCLUDED_ARCHS[sdk=iphonesimulator*]" = "arm64 ";
				GCC_C_LANGUAGE_STANDARD = gnu99;
				GCC_NO_COMMON_BLOCKS = YES;
				GCC_WARN_64_TO_32_BIT_CONVERSION = YES;
				GCC_WARN_ABOUT_RETURN_TYPE = YES_ERROR;
				GCC_WARN_UNDECLARED_SELECTOR = YES;
				GCC_WARN_UNINITIALIZED_AUTOS = YES_AGGRESSIVE;
				GCC_WARN_UNUSED_FUNCTION = YES;
				GCC_WARN_UNUSED_VARIABLE = YES;
				IPHONEOS_DEPLOYMENT_TARGET = 10.0;
				LD_RUNPATH_SEARCH_PATHS = (
					/usr/lib/swift,
					"$(inherited)",
				);
				LIBRARY_SEARCH_PATHS = (
					"\"$(TOOLCHAIN_DIR)/usr/lib/swift/$(PLATFORM_NAME)\"",
					"\"$(TOOLCHAIN_DIR)/usr/lib/swift-5.0/$(PLATFORM_NAME)\"",
					"\"$(inherited)\"",
				);
				MTL_ENABLE_DEBUG_INFO = NO;
				SDKROOT = iphoneos;
				VALIDATE_PRODUCT = YES;
			};
			name = Release;
		};
/* End XCBuildConfiguration section */

/* Begin XCConfigurationList section */
		00E357021AD99517003FC87E /* Build configuration list for PBXNativeTarget "mobileTests" */ = {
			isa = XCConfigurationList;
			buildConfigurations = (
				00E356F61AD99517003FC87E /* Debug */,
				00E356F71AD99517003FC87E /* Release */,
			);
			defaultConfigurationIsVisible = 0;
			defaultConfigurationName = Release;
		};
		13B07F931A680F5B00A75B9A /* Build configuration list for PBXNativeTarget "mobile" */ = {
			isa = XCConfigurationList;
			buildConfigurations = (
				13B07F941A680F5B00A75B9A /* Debug */,
				13B07F951A680F5B00A75B9A /* Release */,
			);
			defaultConfigurationIsVisible = 0;
			defaultConfigurationName = Release;
		};
		83CBB9FA1A601CBA00E9B192 /* Build configuration list for PBXProject "mobile" */ = {
			isa = XCConfigurationList;
			buildConfigurations = (
				83CBBA201A601CBA00E9B192 /* Debug */,
				83CBBA211A601CBA00E9B192 /* Release */,
			);
			defaultConfigurationIsVisible = 0;
			defaultConfigurationName = Release;
		};
/* End XCConfigurationList section */
	};
	rootObject = 83CBB9F71A601CBA00E9B192 /* Project object */;
}
